{
  "name": "codetester-error",
  "version": "1.0.0",
  "lockfileVersion": 3,
  "requires": true,
  "packages": {
    "": {
      "name": "codetester-error",
      "version": "1.0.0",
      "dependencies": {
        "codetester-logger": "file:../logger"
      }
    },
    "../logger": {
      "version": "1.0.0",
      "dependencies": {
        "winston": "^3.14.2"
      }
    },
    "node_modules/codetester-logger": {
      "resolved": "../logger",
      "link": true
    }
  }
}
